
Microsoft Visual Studio Solution File, Format Version 11.00
# Visual Studio 2010
Project("{F184B08F-C81C-45F6-A57F-5ABD9991F28F}") = "RekorWebCam", "RekorWebCam\RekorWebCam.vbproj", "{043D0048-14A2-4FA6-BEF6-12C4BA9C11BC}"
EndProject
Global
	GlobalSection(SolutionConfigurationPlatforms) = preSolution
		Debug|x86 = Debug|x86
		Release|x86 = Release|x86
	EndGlobalSection
	GlobalSection(ProjectConfigurationPlatforms) = postSolution
		{043D0048-14A2-4FA6-BEF6-12C4BA9C11BC}.Debug|x86.ActiveCfg = Debug|x86
		{043D0048-14A2-4FA6-BEF6-12C4BA9C11BC}.Debug|x86.Build.0 = Debug|x86
		{043D0048-14A2-4FA6-BEF6-12C4BA9C11BC}.Release|x86.ActiveCfg = Release|x86
		{043D0048-14A2-4FA6-BEF6-12C4BA9C11BC}.Release|x86.Build.0 = Release|x86
	EndGlobalSection
	GlobalSection(SolutionProperties) = preSolution
		HideSolutionNode = FALSE
	EndGlobalSection
EndGlobal
