
Microsoft Visual Studio Solution File, Format Version 11.00
# Visual Basic Express 2010
Project("{F184B08F-C81C-45F6-A57F-5ABD9991F28F}") = "rekor32b_1", "rekor32b_1\rekor32b_1.vbproj", "{463A1BF4-38D4-4ADA-87D1-0FDC0D9F3E9E}"
EndProject
Global
	GlobalSection(SolutionConfigurationPlatforms) = preSolution
		Debug|x86 = Debug|x86
		Release|x86 = Release|x86
	EndGlobalSection
	GlobalSection(ProjectConfigurationPlatforms) = postSolution
		{463A1BF4-38D4-4ADA-87D1-0FDC0D9F3E9E}.Debug|x86.ActiveCfg = Debug|x86
		{463A1BF4-38D4-4ADA-87D1-0FDC0D9F3E9E}.Debug|x86.Build.0 = Debug|x86
		{463A1BF4-38D4-4ADA-87D1-0FDC0D9F3E9E}.Release|x86.ActiveCfg = Release|x86
		{463A1BF4-38D4-4ADA-87D1-0FDC0D9F3E9E}.Release|x86.Build.0 = Release|x86
	EndGlobalSection
	GlobalSection(SolutionProperties) = preSolution
		HideSolutionNode = FALSE
	EndGlobalSection
EndGlobal
